
Microsoft Visual Studio Solution File, Format Version 12.00
# Visual Studio Version 17
VisualStudioVersion = 17.11.35327.3
MinimumVisualStudioVersion = 10.0.40219.1
Project("{FAE04EC0-301F-11D3-BF4B-00C04F79EFBC}") = "PopupDemo", "PopupDemo\PopupDemo.csproj", "{F3F9957A-8B58-41B9-A471-21F977963899}"
EndProject
Global
	GlobalSection(SolutionConfigurationPlatforms) = preSolution
		Debug|Any CPU = Debug|Any CPU
		Release|Any CPU = Release|Any CPU
	EndGlobalSection
	GlobalSection(ProjectConfigurationPlatforms) = postSolution
		{F3F9957A-8B58-41B9-A471-21F977963899}.Debug|Any CPU.ActiveCfg = Debug|Any CPU
		{F3F9957A-8B58-41B9-A471-21F977963899}.Debug|Any CPU.Build.0 = Debug|Any CPU
		{F3F9957A-8B58-41B9-A471-21F977963899}.Debug|Any CPU.Deploy.0 = Debug|Any CPU
		{F3F9957A-8B58-41B9-A471-21F977963899}.Release|Any CPU.ActiveCfg = Release|Any CPU
		{F3F9957A-8B58-41B9-A471-21F977963899}.Release|Any CPU.Build.0 = Release|Any CPU
		{F3F9957A-8B58-41B9-A471-21F977963899}.Release|Any CPU.Deploy.0 = Release|Any CPU
	EndGlobalSection
	GlobalSection(SolutionProperties) = preSolution
		HideSolutionNode = FALSE
	EndGlobalSection
	GlobalSection(ExtensibilityGlobals) = postSolution
		SolutionGuid = {00D65423-D34E-4D19-B642-1FD10816FB68}
	EndGlobalSection
EndGlobal
